
Microsoft Visual Studio Solution File, Format Version 11.00
# Visual Studio 2010
Project("{FAE04EC0-301F-11D3-BF4B-00C04F79EFBC}") = "Assembly-CSharp", "Assembly-CSharp.csproj", "{677AF3DE-6AEB-CA4E-E46F-D68AC57C97DE}"
EndProject
Global
	GlobalSection(SolutionConfigurationPlatforms) = preSolution
		Debug|Any CPU = Debug|Any CPU
		Release|Any CPU = Release|Any CPU
	EndGlobalSection
	GlobalSection(ProjectConfigurationPlatforms) = postSolution
		{677AF3DE-6AEB-CA4E-E46F-D68AC57C97DE}.Debug|Any CPU.ActiveCfg = Debug|Any CPU
		{677AF3DE-6AEB-CA4E-E46F-D68AC57C97DE}.Debug|Any CPU.Build.0 = Debug|Any CPU
		{677AF3DE-6AEB-CA4E-E46F-D68AC57C97DE}.Release|Any CPU.ActiveCfg = Release|Any CPU
		{677AF3DE-6AEB-CA4E-E46F-D68AC57C97DE}.Release|Any CPU.Build.0 = Release|Any CPU
	EndGlobalSection
	GlobalSection(SolutionProperties) = preSolution
		HideSolutionNode = FALSE
	EndGlobalSection
EndGlobal
